# THIS IS AN AUTOGENERATED FILE. DO NOT EDIT THIS FILE DIRECTLY.
# yarn lockfile v1


"@babel/helper-string-parser@^7.24.8":
  version "7.24.8"
  resolved "https://registry.npmjs.org/@babel/helper-string-parser/-/helper-string-parser-7.24.8.tgz"
  integrity sha512-pO9KhhRcuUyGnJWwyEgnRJTSIZHiT+vMD0kPeD+so0l7mxkMT19g3pjY9GTnHySck/hDzq+dtW/4VgnMkippsQ==

"@babel/helper-validator-identifier@^7.24.7":
  version "7.24.7"
  resolved "https://registry.npmjs.org/@babel/helper-validator-identifier/-/helper-validator-identifier-7.24.7.tgz"
  integrity sha512-rR+PBcQ1SMQDDyF6X0wxtG8QyLCgUB0eRAGguqRLfkCA87l7yAP7ehq8SNj96OOGTO8OBV70KhuFYcIkHXOg0w==

"@babel/parser@^7.20.15", "@babel/parser@^7.21.3":
  version "7.25.6"
  resolved "https://registry.npmjs.org/@babel/parser/-/parser-7.25.6.tgz"
  integrity sha512-trGdfBdbD0l1ZPmcJ83eNxB9rbEax4ALFTF7fN386TMYbeCQbyme5cOEXQhbGXKebwGaB/J52w1mrklMcbgy6Q==
  dependencies:
    "@babel/types" "^7.25.6"

"@babel/types@^7.25.6":
  version "7.25.6"
  resolved "https://registry.npmjs.org/@babel/types/-/types-7.25.6.tgz"
  integrity sha512-/l42B1qxpG6RdfYf343Uw1vmDjeNhneUXtzhojE7pDgfpEypmRhI6j1kr17XCVv4Cgl9HdAiQY2x0GwKm7rWCw==
  dependencies:
    "@babel/helper-string-parser" "^7.24.8"
    "@babel/helper-validator-identifier" "^7.24.7"
    to-fast-properties "^2.0.0"

"@esbuild/android-arm64@0.18.20":
  version "0.18.20"
  resolved "https://registry.yarnpkg.com/@esbuild/android-arm64/-/android-arm64-0.18.20.tgz#984b4f9c8d0377443cc2dfcef266d02244593622"
  integrity sha512-Nz4rJcchGDtENV0eMKUNa6L12zz2zBDXuhj/Vjh18zGqB44Bi7MBMSXjgunJgjRhCmKOjnPuZp4Mb6OKqtMHLQ==

"@esbuild/android-arm@0.18.20":
  version "0.18.20"
  resolved "https://registry.yarnpkg.com/@esbuild/android-arm/-/android-arm-0.18.20.tgz#fedb265bc3a589c84cc11f810804f234947c3682"
  integrity sha512-fyi7TDI/ijKKNZTUJAQqiG5T7YjJXgnzkURqmGj13C6dCqckZBLdl4h7bkhHt/t0WP+zO9/zwroDvANaOqO5Sw==

"@esbuild/android-x64@0.18.20":
  version "0.18.20"
  resolved "https://registry.yarnpkg.com/@esbuild/android-x64/-/android-x64-0.18.20.tgz#35cf419c4cfc8babe8893d296cd990e9e9f756f2"
  integrity sha512-8GDdlePJA8D6zlZYJV/jnrRAi6rOiNaCC/JclcXpB+KIuvfBN4owLtgzY2bsxnx666XjJx2kDPUmnTtR8qKQUg==

"@esbuild/darwin-arm64@0.18.20":
  version "0.18.20"
  resolved "https://registry.yarnpkg.com/@esbuild/darwin-arm64/-/darwin-arm64-0.18.20.tgz#08172cbeccf95fbc383399a7f39cfbddaeb0d7c1"
  integrity sha512-bxRHW5kHU38zS2lPTPOyuyTm+S+eobPUnTNkdJEfAddYgEcll4xkT8DB9d2008DtTbl7uJag2HuE5NZAZgnNEA==

"@esbuild/darwin-x64@0.18.20":
  version "0.18.20"
  resolved "https://registry.yarnpkg.com/@esbuild/darwin-x64/-/darwin-x64-0.18.20.tgz#d70d5790d8bf475556b67d0f8b7c5bdff053d85d"
  integrity sha512-pc5gxlMDxzm513qPGbCbDukOdsGtKhfxD1zJKXjCCcU7ju50O7MeAZ8c4krSJcOIJGFR+qx21yMMVYwiQvyTyQ==

"@esbuild/freebsd-arm64@0.18.20":
  version "0.18.20"
  resolved "https://registry.yarnpkg.com/@esbuild/freebsd-arm64/-/freebsd-arm64-0.18.20.tgz#98755cd12707f93f210e2494d6a4b51b96977f54"
  integrity sha512-yqDQHy4QHevpMAaxhhIwYPMv1NECwOvIpGCZkECn8w2WFHXjEwrBn3CeNIYsibZ/iZEUemj++M26W3cNR5h+Tw==

"@esbuild/freebsd-x64@0.18.20":
  version "0.18.20"
  resolved "https://registry.yarnpkg.com/@esbuild/freebsd-x64/-/freebsd-x64-0.18.20.tgz#c1eb2bff03915f87c29cece4c1a7fa1f423b066e"
  integrity sha512-tgWRPPuQsd3RmBZwarGVHZQvtzfEBOreNuxEMKFcd5DaDn2PbBxfwLcj4+aenoh7ctXcbXmOQIn8HI6mCSw5MQ==

"@esbuild/linux-arm64@0.18.20":
  version "0.18.20"
  resolved "https://registry.yarnpkg.com/@esbuild/linux-arm64/-/linux-arm64-0.18.20.tgz#bad4238bd8f4fc25b5a021280c770ab5fc3a02a0"
  integrity sha512-2YbscF+UL7SQAVIpnWvYwM+3LskyDmPhe31pE7/aoTMFKKzIc9lLbyGUpmmb8a8AixOL61sQ/mFh3jEjHYFvdA==

"@esbuild/linux-arm@0.18.20":
  version "0.18.20"
  resolved "https://registry.yarnpkg.com/@esbuild/linux-arm/-/linux-arm-0.18.20.tgz#3e617c61f33508a27150ee417543c8ab5acc73b0"
  integrity sha512-/5bHkMWnq1EgKr1V+Ybz3s1hWXok7mDFUMQ4cG10AfW3wL02PSZi5kFpYKrptDsgb2WAJIvRcDm+qIvXf/apvg==

"@esbuild/linux-ia32@0.18.20":
  version "0.18.20"
  resolved "https://registry.yarnpkg.com/@esbuild/linux-ia32/-/linux-ia32-0.18.20.tgz#699391cccba9aee6019b7f9892eb99219f1570a7"
  integrity sha512-P4etWwq6IsReT0E1KHU40bOnzMHoH73aXp96Fs8TIT6z9Hu8G6+0SHSw9i2isWrD2nbx2qo5yUqACgdfVGx7TA==

"@esbuild/linux-loong64@0.18.20":
  version "0.18.20"
  resolved "https://registry.yarnpkg.com/@esbuild/linux-loong64/-/linux-loong64-0.18.20.tgz#e6fccb7aac178dd2ffb9860465ac89d7f23b977d"
  integrity sha512-nXW8nqBTrOpDLPgPY9uV+/1DjxoQ7DoB2N8eocyq8I9XuqJ7BiAMDMf9n1xZM9TgW0J8zrquIb/A7s3BJv7rjg==

"@esbuild/linux-mips64el@0.18.20":
  version "0.18.20"
  resolved "https://registry.yarnpkg.com/@esbuild/linux-mips64el/-/linux-mips64el-0.18.20.tgz#eeff3a937de9c2310de30622a957ad1bd9183231"
  integrity sha512-d5NeaXZcHp8PzYy5VnXV3VSd2D328Zb+9dEq5HE6bw6+N86JVPExrA6O68OPwobntbNJ0pzCpUFZTo3w0GyetQ==

"@esbuild/linux-ppc64@0.18.20":
  version "0.18.20"
  resolved "https://registry.yarnpkg.com/@esbuild/linux-ppc64/-/linux-ppc64-0.18.20.tgz#2f7156bde20b01527993e6881435ad79ba9599fb"
  integrity sha512-WHPyeScRNcmANnLQkq6AfyXRFr5D6N2sKgkFo2FqguP44Nw2eyDlbTdZwd9GYk98DZG9QItIiTlFLHJHjxP3FA==

"@esbuild/linux-riscv64@0.18.20":
  version "0.18.20"
  resolved "https://registry.yarnpkg.com/@esbuild/linux-riscv64/-/linux-riscv64-0.18.20.tgz#6628389f210123d8b4743045af8caa7d4ddfc7a6"
  integrity sha512-WSxo6h5ecI5XH34KC7w5veNnKkju3zBRLEQNY7mv5mtBmrP/MjNBCAlsM2u5hDBlS3NGcTQpoBvRzqBcRtpq1A==

"@esbuild/linux-s390x@0.18.20":
  version "0.18.20"
  resolved "https://registry.yarnpkg.com/@esbuild/linux-s390x/-/linux-s390x-0.18.20.tgz#255e81fb289b101026131858ab99fba63dcf0071"
  integrity sha512-+8231GMs3mAEth6Ja1iK0a1sQ3ohfcpzpRLH8uuc5/KVDFneH6jtAJLFGafpzpMRO6DzJ6AvXKze9LfFMrIHVQ==

"@esbuild/linux-x64@0.18.20":
  version "0.18.20"
  resolved "https://registry.yarnpkg.com/@esbuild/linux-x64/-/linux-x64-0.18.20.tgz#c7690b3417af318a9b6f96df3031a8865176d338"
  integrity sha512-UYqiqemphJcNsFEskc73jQ7B9jgwjWrSayxawS6UVFZGWrAAtkzjxSqnoclCXxWtfwLdzU+vTpcNYhpn43uP1w==

"@esbuild/netbsd-x64@0.18.20":
  version "0.18.20"
  resolved "https://registry.yarnpkg.com/@esbuild/netbsd-x64/-/netbsd-x64-0.18.20.tgz#30e8cd8a3dded63975e2df2438ca109601ebe0d1"
  integrity sha512-iO1c++VP6xUBUmltHZoMtCUdPlnPGdBom6IrO4gyKPFFVBKioIImVooR5I83nTew5UOYrk3gIJhbZh8X44y06A==

"@esbuild/openbsd-x64@0.18.20":
  version "0.18.20"
  resolved "https://registry.yarnpkg.com/@esbuild/openbsd-x64/-/openbsd-x64-0.18.20.tgz#7812af31b205055874c8082ea9cf9ab0da6217ae"
  integrity sha512-e5e4YSsuQfX4cxcygw/UCPIEP6wbIL+se3sxPdCiMbFLBWu0eiZOJ7WoD+ptCLrmjZBK1Wk7I6D/I3NglUGOxg==

"@esbuild/sunos-x64@0.18.20":
  version "0.18.20"
  resolved "https://registry.yarnpkg.com/@esbuild/sunos-x64/-/sunos-x64-0.18.20.tgz#d5c275c3b4e73c9b0ecd38d1ca62c020f887ab9d"
  integrity sha512-kDbFRFp0YpTQVVrqUd5FTYmWo45zGaXe0X8E1G/LKFC0v8x0vWrhOWSLITcCn63lmZIxfOMXtCfti/RxN/0wnQ==

"@esbuild/win32-arm64@0.18.20":
  version "0.18.20"
  resolved "https://registry.yarnpkg.com/@esbuild/win32-arm64/-/win32-arm64-0.18.20.tgz#73bc7f5a9f8a77805f357fab97f290d0e4820ac9"
  integrity sha512-ddYFR6ItYgoaq4v4JmQQaAI5s7npztfV4Ag6NrhiaW0RrnOXqBkgwZLofVTlq1daVTQNhtI5oieTvkRPfZrePg==

"@esbuild/win32-ia32@0.18.20":
  version "0.18.20"
  resolved "https://registry.yarnpkg.com/@esbuild/win32-ia32/-/win32-ia32-0.18.20.tgz#ec93cbf0ef1085cc12e71e0d661d20569ff42102"
  integrity sha512-Wv7QBi3ID/rROT08SABTS7eV4hX26sVduqDOTe1MvGMjNd3EjOz4b7zeexIR62GTIEKrfJXKL9LFxTYgkyeu7g==

"@esbuild/win32-x64@0.18.20":
  version "0.18.20"
  resolved "https://registry.npmjs.org/@esbuild/win32-x64/-/win32-x64-0.18.20.tgz"
  integrity sha512-kTdfRcSiDfQca/y9QIkng02avJ+NCaQvrMejlsB3RRv5sE9rRoeBPISaZpKxHELzRxZyLvNts1P27W3wV+8geQ==

"@jridgewell/sourcemap-codec@^1.5.0":
  version "1.5.0"
  resolved "https://registry.npmjs.org/@jridgewell/sourcemap-codec/-/sourcemap-codec-1.5.0.tgz"
  integrity sha512-gv3ZRaISU3fjPAgNsriBRqGWQL6quFx04YMPW/zD8XMLsU32mhCCbfbO6KZFLjvYpCZ8zyDEgqsgf+PwPaM7GQ==

"@mdi/font@7.2.96":
  version "7.2.96"
  resolved "https://registry.npmjs.org/@mdi/font/-/font-7.2.96.tgz"
  integrity sha512-e//lmkmpFUMZKhmCY9zdjRe4zNXfbOIJnn6xveHbaV2kSw5aJ5dLXUxcRt1Gxfi7ZYpFLUWlkG2MGSFAiqAu7w==

"@tauri-apps/api@1.6.0", "@tauri-apps/api@^1.6.0":
  version "1.6.0"
  resolved "https://registry.npmjs.org/@tauri-apps/api/-/api-1.6.0.tgz"
  integrity sha512-rqI++FWClU5I2UBp4HXFvl+sBWkdigBkxnpJDQUWttNyG7IZP4FwQGhTNL5EOw0vI8i6eSAJ5frLqO7n7jbJdg==

"@tauri-apps/cli-darwin-arm64@1.6.2":
  version "1.6.2"
  resolved "https://registry.yarnpkg.com/@tauri-apps/cli-darwin-arm64/-/cli-darwin-arm64-1.6.2.tgz#f2a4090898677282ca5075605f489ac37b4eb241"
  integrity sha512-6mdRyf9DaLqlZvj8kZB09U3rwY+dOHSGzTZ7+GDg665GJb17f4cb30e8dExj6/aghcsOie9EGpgiURcDUvLNSQ==

"@tauri-apps/cli-darwin-x64@1.6.2":
  version "1.6.2"
  resolved "https://registry.yarnpkg.com/@tauri-apps/cli-darwin-x64/-/cli-darwin-x64-1.6.2.tgz#58cfaf4f459865553d3c2ac69d7ddb106e29b038"
  integrity sha512-PLxZY5dn38H3R9VRmBN/l0ZDB5JFanCwlK4rmpzDQPPg3tQmbu5vjSCP6TVj5U6aLKsj79kFyULblPr5Dn9+vw==

"@tauri-apps/cli-linux-arm-gnueabihf@1.6.2":
  version "1.6.2"
  resolved "https://registry.yarnpkg.com/@tauri-apps/cli-linux-arm-gnueabihf/-/cli-linux-arm-gnueabihf-1.6.2.tgz#098ca4025f6db2c45106e91bcf8a5b8bd7e51ffb"
  integrity sha512-xnpj4BLeeGOh5I/ewCQlYJZwHH0CBNBN+4q8BNWNQ9MKkjN9ST366RmHRzl2ANNgWwijOPxyce7GiUmvuH8Atw==

"@tauri-apps/cli-linux-arm64-gnu@1.6.2":
  version "1.6.2"
  resolved "https://registry.yarnpkg.com/@tauri-apps/cli-linux-arm64-gnu/-/cli-linux-arm64-gnu-1.6.2.tgz#3a4937980dc4d1a9ba7532884e8be6ea2bfd7606"
  integrity sha512-uaiRE0vE2P+tdsCngfKt+7yKr3VZXIq/t3w01DzSdnBgHSp0zmRsRR4AhZt7ibvoEgA8GzBP+eSHJdFNZsTU9w==

"@tauri-apps/cli-linux-arm64-musl@1.6.2":
  version "1.6.2"
  resolved "https://registry.yarnpkg.com/@tauri-apps/cli-linux-arm64-musl/-/cli-linux-arm64-musl-1.6.2.tgz#b8bbbeb02287947827d25d4441efc6494a98e8ad"
  integrity sha512-o9JunVrMrhqTBLrdvEbS64W0bo1dPm0lxX51Mx+6x9SmbDjlEWGgaAHC3iKLK9khd5Yu1uO1e+8TJltAcScvmw==

"@tauri-apps/cli-linux-x64-gnu@1.6.2":
  version "1.6.2"
  resolved "https://registry.yarnpkg.com/@tauri-apps/cli-linux-x64-gnu/-/cli-linux-x64-gnu-1.6.2.tgz#845883ea1e7419357bc663f8eb9c5465944220c5"
  integrity sha512-jL9f+o61DdQmNYKIt2Q3BA8YJ+hyC5+GdNxqDf7j5SoQ85j//YfUWbmp9ZgsPHVBxgSGZVvgGMNvf64Ykp0buQ==

"@tauri-apps/cli-linux-x64-musl@1.6.2":
  version "1.6.2"
  resolved "https://registry.yarnpkg.com/@tauri-apps/cli-linux-x64-musl/-/cli-linux-x64-musl-1.6.2.tgz#5ae6ce5c1bfc974cdecf97e678a538a30dc65a59"
  integrity sha512-xsa4Pu9YMHKAX0J8pIoXfN/uhvAAAoECZDixDhWw8zi57VZ4QX28ycqolS+NscdD9NAGSgHk45MpBZWdvRtvjQ==

"@tauri-apps/cli-win32-arm64-msvc@1.6.2":
  version "1.6.2"
  resolved "https://registry.yarnpkg.com/@tauri-apps/cli-win32-arm64-msvc/-/cli-win32-arm64-msvc-1.6.2.tgz#db244d786529057dea39e45e4be33fc8e7506ff1"
  integrity sha512-eJtUOx2UFhJpCCkm5M5+4Co9JbjvgIHTdyS/hTSZfOEdT58CNEGVJXMA39FsSZXYoxYPE+9K7Km6haMozSmlxw==

"@tauri-apps/cli-win32-ia32-msvc@1.6.2":
  version "1.6.2"
  resolved "https://registry.yarnpkg.com/@tauri-apps/cli-win32-ia32-msvc/-/cli-win32-ia32-msvc-1.6.2.tgz#2528475fa10250818a615abbefc052687a9207de"
  integrity sha512-9Jwx3PrhNw3VKOgPISRRXPkvoEAZP+7rFRHXIo49dvlHy2E/o9qpWi1IntE33HWeazP6KhvsCjvXB2Ai4eGooA==

"@tauri-apps/cli-win32-x64-msvc@1.6.2":
  version "1.6.2"
  resolved "https://registry.npmjs.org/@tauri-apps/cli-win32-x64-msvc/-/cli-win32-x64-msvc-1.6.2.tgz"
  integrity sha512-5Z+ZjRFJE8MXghJe1UXvGephY5ZcgVhiTI9yuMi9xgX3CEaAXASatyXllzsvGJ9EDaWMEpa0PHjAzi7LBAWROw==

"@tauri-apps/cli@^1.6.2":
  version "1.6.2"
  resolved "https://registry.npmjs.org/@tauri-apps/cli/-/cli-1.6.2.tgz"
  integrity sha512-zpfZdxhm20s7d/Uejpg/T3a9sqLVe3Ih2ztINfy8v6iLw9Ohowkb9g+agZffYKlEWfOSpmCy69NFyBLj7OZL0A==
  optionalDependencies:
    "@tauri-apps/cli-darwin-arm64" "1.6.2"
    "@tauri-apps/cli-darwin-x64" "1.6.2"
    "@tauri-apps/cli-linux-arm-gnueabihf" "1.6.2"
    "@tauri-apps/cli-linux-arm64-gnu" "1.6.2"
    "@tauri-apps/cli-linux-arm64-musl" "1.6.2"
    "@tauri-apps/cli-linux-x64-gnu" "1.6.2"
    "@tauri-apps/cli-linux-x64-musl" "1.6.2"
    "@tauri-apps/cli-win32-arm64-msvc" "1.6.2"
    "@tauri-apps/cli-win32-ia32-msvc" "1.6.2"
    "@tauri-apps/cli-win32-x64-msvc" "1.6.2"

"@vitejs/plugin-vue@4.0.0":
  version "4.0.0"
  resolved "https://registry.npmjs.org/@vitejs/plugin-vue/-/plugin-vue-4.0.0.tgz"
  integrity sha512-e0X4jErIxAB5oLtDqbHvHpJe/uWNkdpYV83AOG2xo2tEVSzCzewgJMtREZM30wXnM5ls90hxiOtAuVU6H5JgbA==

"@vue/compiler-core@3.3.4":
  version "3.3.4"
  resolved "https://registry.npmjs.org/@vue/compiler-core/-/compiler-core-3.3.4.tgz"
  integrity sha512-cquyDNvZ6jTbf/+x+AgM2Arrp6G4Dzbb0R64jiG804HRMfRiFXWI6kqUVqZ6ZR0bQhIoQjB4+2bhNtVwndW15g==
  dependencies:
    "@babel/parser" "^7.21.3"
    "@vue/shared" "3.3.4"
    estree-walker "^2.0.2"
    source-map-js "^1.0.2"

"@vue/compiler-dom@3.3.4":
  version "3.3.4"
  resolved "https://registry.npmjs.org/@vue/compiler-dom/-/compiler-dom-3.3.4.tgz"
  integrity sha512-wyM+OjOVpuUukIq6p5+nwHYtj9cFroz9cwkfmP9O1nzH68BenTTv0u7/ndggT8cIQlnBeOo6sUT/gvHcIkLA5w==
  dependencies:
    "@vue/compiler-core" "3.3.4"
    "@vue/shared" "3.3.4"

"@vue/compiler-sfc@3.3.4":
  version "3.3.4"
  resolved "https://registry.npmjs.org/@vue/compiler-sfc/-/compiler-sfc-3.3.4.tgz"
  integrity sha512-6y/d8uw+5TkCuzBkgLS0v3lSM3hJDntFEiUORM11pQ/hKvkhSKZrXW6i69UyXlJQisJxuUEJKAWEqWbWsLeNKQ==
  dependencies:
    "@babel/parser" "^7.20.15"
    "@vue/compiler-core" "3.3.4"
    "@vue/compiler-dom" "3.3.4"
    "@vue/compiler-ssr" "3.3.4"
    "@vue/reactivity-transform" "3.3.4"
    "@vue/shared" "3.3.4"
    estree-walker "^2.0.2"
    magic-string "^0.30.0"
    postcss "^8.1.10"
    source-map-js "^1.0.2"

"@vue/compiler-ssr@3.3.4":
  version "3.3.4"
  resolved "https://registry.npmjs.org/@vue/compiler-ssr/-/compiler-ssr-3.3.4.tgz"
  integrity sha512-m0v6oKpup2nMSehwA6Uuu+j+wEwcy7QmwMkVNVfrV9P2qE5KshC6RwOCq8fjGS/Eak/uNb8AaWekfiXxbBB6gQ==
  dependencies:
    "@vue/compiler-dom" "3.3.4"
    "@vue/shared" "3.3.4"

"@vue/reactivity-transform@3.3.4":
  version "3.3.4"
  resolved "https://registry.npmjs.org/@vue/reactivity-transform/-/reactivity-transform-3.3.4.tgz"
  integrity sha512-MXgwjako4nu5WFLAjpBnCj/ieqcjE2aJBINUNQzkZQfzIZA4xn+0fV1tIYBJvvva3N3OvKGofRLvQIwEQPpaXw==
  dependencies:
    "@babel/parser" "^7.20.15"
    "@vue/compiler-core" "3.3.4"
    "@vue/shared" "3.3.4"
    estree-walker "^2.0.2"
    magic-string "^0.30.0"

"@vue/reactivity@3.3.4":
  version "3.3.4"
  resolved "https://registry.npmjs.org/@vue/reactivity/-/reactivity-3.3.4.tgz"
  integrity sha512-kLTDLwd0B1jG08NBF3R5rqULtv/f8x3rOFByTDz4J53ttIQEDmALqKqXY0J+XQeN0aV2FBxY8nJDf88yvOPAqQ==
  dependencies:
    "@vue/shared" "3.3.4"

"@vue/runtime-core@3.3.4":
  version "3.3.4"
  resolved "https://registry.npmjs.org/@vue/runtime-core/-/runtime-core-3.3.4.tgz"
  integrity sha512-R+bqxMN6pWO7zGI4OMlmvePOdP2c93GsHFM/siJI7O2nxFRzj55pLwkpCedEY+bTMgp5miZ8CxfIZo3S+gFqvA==
  dependencies:
    "@vue/reactivity" "3.3.4"
    "@vue/shared" "3.3.4"

"@vue/runtime-dom@3.3.4":
  version "3.3.4"
  resolved "https://registry.npmjs.org/@vue/runtime-dom/-/runtime-dom-3.3.4.tgz"
  integrity sha512-Aj5bTJ3u5sFsUckRghsNjVTtxZQ1OyMWCr5dZRAPijF/0Vy4xEoRCwLyHXcj4D0UFbJ4lbx3gPTgg06K/GnPnQ==
  dependencies:
    "@vue/runtime-core" "3.3.4"
    "@vue/shared" "3.3.4"
    csstype "^3.1.1"

"@vue/server-renderer@3.3.4":
  version "3.3.4"
  resolved "https://registry.npmjs.org/@vue/server-renderer/-/server-renderer-3.3.4.tgz"
  integrity sha512-Q6jDDzR23ViIb67v+vM1Dqntu+HUexQcsWKhhQa4ARVzxOY2HbC7QRW/ggkDBd5BU+uM1sV6XOAP0b216o34JQ==
  dependencies:
    "@vue/compiler-ssr" "3.3.4"
    "@vue/shared" "3.3.4"

"@vue/shared@3.3.4":
  version "3.3.4"
  resolved "https://registry.npmjs.org/@vue/shared/-/shared-3.3.4.tgz"
  integrity sha512-7OjdcV8vQ74eiz1TZLzZP4JwqM5fA94K6yntPS5Z25r9HDuGNzaGdgvwKYq6S+MxwF0TFRwe50fIR/MYnakdkQ==

"@vuetify/loader-shared@^1.7.1":
  version "1.7.1"
  resolved "https://registry.npmjs.org/@vuetify/loader-shared/-/loader-shared-1.7.1.tgz"
  integrity sha512-kLUvuAed6RCvkeeTNJzuy14pqnkur8lTuner7v7pNE/kVhPR97TuyXwBSBMR1cJeiLiOfu6SF5XlCYbXByEx1g==
  dependencies:
    find-cache-dir "^3.3.2"
    upath "^2.0.1"

anymatch@~3.1.2:
  version "3.1.3"
  resolved "https://registry.npmjs.org/anymatch/-/anymatch-3.1.3.tgz"
  integrity sha512-KMReFUr0B4t+D+OBkjR3KYqvocp2XaSzO55UcB6mgQMd3KbcE+mWTyvVV7D/zsdEbNnV6acZUutkiHQXvTr1Rw==
  dependencies:
    normalize-path "^3.0.0"
    picomatch "^2.0.4"

binary-extensions@^2.0.0:
  version "2.3.0"
  resolved "https://registry.npmjs.org/binary-extensions/-/binary-extensions-2.3.0.tgz"
  integrity sha512-Ceh+7ox5qe7LJuLHoY0feh3pHuUDHAcRUeyL2VYghZwfpkNIy/+8Ocg0a3UuSoYzavmylwuLWQOf3hl0jjMMIw==

braces@~3.0.2:
  version "3.0.3"
  resolved "https://registry.npmjs.org/braces/-/braces-3.0.3.tgz"
  integrity sha512-yQbXgO/OSZVD2IsiLlro+7Hf6Q18EJrKSEsdoMzKePKXct3gvD8oLcOQdIzGupr5Fj+EDe8gO/lxc1BzfMpxvA==
  dependencies:
    fill-range "^7.1.1"

"chokidar@>=3.0.0 <4.0.0":
  version "3.6.0"
  resolved "https://registry.npmjs.org/chokidar/-/chokidar-3.6.0.tgz"
  integrity sha512-7VT13fmjotKpGipCW9JEQAusEPE+Ei8nl6/g4FBAmIm0GOOLMua9NDDo/DWp0ZAxCr3cPq5ZpBqmPAQgDda2Pw==
  dependencies:
    anymatch "~3.1.2"
    braces "~3.0.2"
    glob-parent "~5.1.2"
    is-binary-path "~2.1.0"
    is-glob "~4.0.1"
    normalize-path "~3.0.0"
    readdirp "~3.6.0"
  optionalDependencies:
    fsevents "~2.3.2"

commondir@^1.0.1:
  version "1.0.1"
  resolved "https://registry.npmjs.org/commondir/-/commondir-1.0.1.tgz"
  integrity sha512-W9pAhw0ja1Edb5GVdIF1mjZw/ASI0AlShXM83UUGe2DVr5TdAPEA1OA8m/g8zWp9x6On7gqufY+FatDbC3MDQg==

cross-env@7.0.3:
  version "7.0.3"
  resolved "https://registry.npmjs.org/cross-env/-/cross-env-7.0.3.tgz"
  integrity sha512-+/HKd6EgcQCJGh2PSjZuUitQBQynKor4wrFbRg4DtAgS1aWO+gU52xpH7M9ScGgXSYmAVS9bIJ8EzuaGw0oNAw==
  dependencies:
    cross-spawn "^7.0.1"

cross-spawn@^7.0.1:
  version "7.0.6"
  resolved "https://registry.npmjs.org/cross-spawn/-/cross-spawn-7.0.6.tgz"
  integrity sha512-uV2QOWP2nWzsy2aMp8aRibhi9dlzF5Hgh5SHaB9OiTGEyDTiJJyx0uy51QXdyWbtAHNua4XJzUKca3OzKUd3vA==
  dependencies:
    path-key "^3.1.0"
    shebang-command "^2.0.0"
    which "^2.0.1"

csstype@^3.1.1:
  version "3.1.3"
  resolved "https://registry.npmjs.org/csstype/-/csstype-3.1.3.tgz"
  integrity sha512-M1uQkMl8rQK/szD0LNhtqxIPLpimGm8sOBwU7lLnCpSbTyY3yeU1Vc7l4KT5zT4s/yOxHH5O7tIuuLOCnLADRw==

debug@^4.3.3:
  version "4.3.7"
  resolved "https://registry.npmjs.org/debug/-/debug-4.3.7.tgz"
  integrity sha512-Er2nc/H7RrMXZBFCEim6TCmMk02Z8vLC2Rbi1KEBggpo0fS6l0S1nnapwmIi3yW/+GOJap1Krg4w0Hg80oCqgQ==
  dependencies:
    ms "^2.1.3"

esbuild@^0.18.10:
  version "0.18.20"
  resolved "https://registry.npmjs.org/esbuild/-/esbuild-0.18.20.tgz"
  integrity sha512-ceqxoedUrcayh7Y7ZX6NdbbDzGROiyVBgC4PriJThBKSVPWnnFHZAkfI1lJT8QFkOwH4qOS2SJkS4wvpGl8BpA==
  optionalDependencies:
    "@esbuild/android-arm" "0.18.20"
    "@esbuild/android-arm64" "0.18.20"
    "@esbuild/android-x64" "0.18.20"
    "@esbuild/darwin-arm64" "0.18.20"
    "@esbuild/darwin-x64" "0.18.20"
    "@esbuild/freebsd-arm64" "0.18.20"
    "@esbuild/freebsd-x64" "0.18.20"
    "@esbuild/linux-arm" "0.18.20"
    "@esbuild/linux-arm64" "0.18.20"
    "@esbuild/linux-ia32" "0.18.20"
    "@esbuild/linux-loong64" "0.18.20"
    "@esbuild/linux-mips64el" "0.18.20"
    "@esbuild/linux-ppc64" "0.18.20"
    "@esbuild/linux-riscv64" "0.18.20"
    "@esbuild/linux-s390x" "0.18.20"
    "@esbuild/linux-x64" "0.18.20"
    "@esbuild/netbsd-x64" "0.18.20"
    "@esbuild/openbsd-x64" "0.18.20"
    "@esbuild/sunos-x64" "0.18.20"
    "@esbuild/win32-arm64" "0.18.20"
    "@esbuild/win32-ia32" "0.18.20"
    "@esbuild/win32-x64" "0.18.20"

estree-walker@^2.0.2:
  version "2.0.2"
  resolved "https://registry.npmjs.org/estree-walker/-/estree-walker-2.0.2.tgz"
  integrity sha512-Rfkk/Mp/DL7JVje3u18FxFujQlTNR2q6QfMSMB7AvCBx91NGj/ba3kCfza0f6dVDbw7YlRf/nDrn7pQrCCyQ/w==

fill-range@^7.1.1:
  version "7.1.1"
  resolved "https://registry.npmjs.org/fill-range/-/fill-range-7.1.1.tgz"
  integrity sha512-YsGpe3WHLK8ZYi4tWDg2Jy3ebRz2rXowDxnld4bkQB00cc/1Zw9AWnC0i9ztDJitivtQvaI9KaLyKrc+hBW0yg==
  dependencies:
    to-regex-range "^5.0.1"

find-cache-dir@^3.3.2:
  version "3.3.2"
  resolved "https://registry.npmjs.org/find-cache-dir/-/find-cache-dir-3.3.2.tgz"
  integrity sha512-wXZV5emFEjrridIgED11OoUKLxiYjAcqot/NJdAkOhlJ+vGzwhOAfcG5OX1jP+S0PcjEn8bdMJv+g2jwQ3Onig==
  dependencies:
    commondir "^1.0.1"
    make-dir "^3.0.2"
    pkg-dir "^4.1.0"

find-up@^4.0.0:
  version "4.1.0"
  resolved "https://registry.npmjs.org/find-up/-/find-up-4.1.0.tgz"
  integrity sha512-PpOwAdQ/YlXQ2vj8a3h8IipDuYRi3wceVQQGYWxNINccq40Anw7BlsEXCMbt1Zt+OLA6Fq9suIpIWD0OsnISlw==
  dependencies:
    locate-path "^5.0.0"
    path-exists "^4.0.0"

fsevents@~2.3.2:
  version "2.3.3"
  resolved "https://registry.yarnpkg.com/fsevents/-/fsevents-2.3.3.tgz#cac6407785d03675a2a5e1a5305c697b347d90d6"
  integrity sha512-5xoDfX+fL7faATnagmWPpbFtwh/R77WmMMqqHGS65C3vvB0YHrgF+B1YmZ3441tMj5n63k0212XNoJwzlhffQw==

glob-parent@~5.1.2:
  version "5.1.2"
  resolved "https://registry.npmjs.org/glob-parent/-/glob-parent-5.1.2.tgz"
  integrity sha512-AOIgSQCepiJYwP3ARnGx+5VnTu2HBYdzbGP45eLw1vr3zB3vZLeyed1sC9hnbcOc9/SrMyM5RPQrkGz4aS9Zow==
  dependencies:
    is-glob "^4.0.1"

immutable@^4.0.0:
  version "4.3.7"
  resolved "https://registry.npmjs.org/immutable/-/immutable-4.3.7.tgz"
  integrity sha512-1hqclzwYwjRDFLjcFxOM5AYkkG0rpFPpr1RLPMEuGczoS7YA8gLhy8SWXYRAA/XwfEHpfo3cw5JGioS32fnMRw==

inherits@2.0.3:
  version "2.0.3"
  resolved "https://registry.npmjs.org/inherits/-/inherits-2.0.3.tgz"
  integrity sha512-x00IRNXNy63jwGkJmzPigoySHbaqpNuzKbBOmzK+g2OdZpQ9w+sxCN+VSB3ja7IAge2OP2qpfxTjeNcyjmW1uw==

is-binary-path@~2.1.0:
  version "2.1.0"
  resolved "https://registry.npmjs.org/is-binary-path/-/is-binary-path-2.1.0.tgz"
  integrity sha512-ZMERYes6pDydyuGidse7OsHxtbI7WVeUEozgR/g7rd0xUimYNlvZRE/K2MgZTjWy725IfelLeVcEM97mmtRGXw==
  dependencies:
    binary-extensions "^2.0.0"

is-extglob@^2.1.1:
  version "2.1.1"
  resolved "https://registry.npmjs.org/is-extglob/-/is-extglob-2.1.1.tgz"
  integrity sha512-SbKbANkN603Vi4jEZv49LeVJMn4yGwsbzZworEoyEiutsN3nJYdbO36zfhGJ6QEDpOZIFkDtnq5JRxmvl3jsoQ==

is-glob@^4.0.1, is-glob@~4.0.1:
  version "4.0.3"
  resolved "https://registry.npmjs.org/is-glob/-/is-glob-4.0.3.tgz"
  integrity sha512-xelSayHH36ZgE7ZWhli7pW34hNbNl8Ojv5KVmkJD4hBdD3th8Tfk9vYasLM+mXWOZhFkgZfxhLSnrwRr4elSSg==
  dependencies:
    is-extglob "^2.1.1"

is-number@^7.0.0:
  version "7.0.0"
  resolved "https://registry.npmjs.org/is-number/-/is-number-7.0.0.tgz"
  integrity sha512-41Cifkg6e8TylSpdtTpeLVMqvSBEVzTttHvERD741+pnZ8ANv0004MRL43QKPDlK9cGvNp6NZWZUBlbGXYxxng==

isexe@^2.0.0:
  version "2.0.0"
  resolved "https://registry.npmjs.org/isexe/-/isexe-2.0.0.tgz"
  integrity sha512-RHxMLp9lnKHGHRng9QFhRCMbYAcVpn69smSGcq3f36xjgVVWThj4qqLbTLlq7Ssj8B+fIQ1EuCEGI2lKsyQeIw==

locate-path@^5.0.0:
  version "5.0.0"
  resolved "https://registry.npmjs.org/locate-path/-/locate-path-5.0.0.tgz"
  integrity sha512-t7hw9pI+WvuwNJXwk5zVHpyhIqzg2qTlklJOf0mVxGSbe3Fp2VieZcduNYjaLDoy6p9uGpQEGWG87WpMKlNq8g==
  dependencies:
    p-locate "^4.1.0"

magic-string@^0.30.0:
  version "0.30.11"
  resolved "https://registry.npmjs.org/magic-string/-/magic-string-0.30.11.tgz"
  integrity sha512-+Wri9p0QHMy+545hKww7YAu5NyzF8iomPL/RQazugQ9+Ez4Ic3mERMd8ZTX5rfK944j+560ZJi8iAwgak1Ac7A==
  dependencies:
    "@jridgewell/sourcemap-codec" "^1.5.0"

make-dir@^3.0.2:
  version "3.1.0"
  resolved "https://registry.npmjs.org/make-dir/-/make-dir-3.1.0.tgz"
  integrity sha512-g3FeP20LNwhALb/6Cz6Dd4F2ngze0jz7tbzrD2wAV+o9FeNHe4rL+yK2md0J/fiSf1sa1ADhXqi5+oVwOM/eGw==
  dependencies:
    semver "^6.0.0"

ms@^2.1.3:
  version "2.1.3"
  resolved "https://registry.npmjs.org/ms/-/ms-2.1.3.tgz"
  integrity sha512-6FlzubTLZG3J2a/NVCAleEhjzq5oxgHyaCU9yYXvcLsvoVaHJq/s5xXI6/XXP6tz7R9xAOtHnSO/tXtF3WRTlA==

nanoid@^3.3.7:
  version "3.3.11"
  resolved "https://registry.npmjs.org/nanoid/-/nanoid-3.3.11.tgz"
  integrity sha512-N8SpfPUnUp1bK+PMYW8qSWdl9U+wwNWI4QKxOYDy9JAro3WMX7p2OeVRF9v+347pnakNevPmiHhNmZ2HbFA76w==

normalize-path@^3.0.0, normalize-path@~3.0.0:
  version "3.0.0"
  resolved "https://registry.npmjs.org/normalize-path/-/normalize-path-3.0.0.tgz"
  integrity sha512-6eZs5Ls3WtCisHWp9S2GUy8dqkpGi4BVSz3GaqiE6ezub0512ESztXUwUB6C6IKbQkY2Pnb/mD4WYojCRwcwLA==

p-limit@^2.2.0:
  version "2.3.0"
  resolved "https://registry.npmjs.org/p-limit/-/p-limit-2.3.0.tgz"
  integrity sha512-//88mFWSJx8lxCzwdAABTJL2MyWB12+eIY7MDL2SqLmAkeKU9qxRvWuSyTjm3FUmpBEMuFfckAIqEaVGUDxb6w==
  dependencies:
    p-try "^2.0.0"

p-locate@^4.1.0:
  version "4.1.0"
  resolved "https://registry.npmjs.org/p-locate/-/p-locate-4.1.0.tgz"
  integrity sha512-R79ZZ/0wAxKGu3oYMlz8jy/kbhsNrS7SKZ7PxEHBgJ5+F2mtFW2fK2cOtBh1cHYkQsbzFV7I+EoRKe6Yt0oK7A==
  dependencies:
    p-limit "^2.2.0"

p-try@^2.0.0:
  version "2.2.0"
  resolved "https://registry.npmjs.org/p-try/-/p-try-2.2.0.tgz"
  integrity sha512-R4nPAVTAU0B9D35/Gk3uJf/7XYbQcyohSKdvAxIRSNghFl4e71hVoGnBNQz9cWaXxO2I10KTC+3jMdvvoKw6dQ==

path-exists@^4.0.0:
  version "4.0.0"
  resolved "https://registry.npmjs.org/path-exists/-/path-exists-4.0.0.tgz"
  integrity sha512-ak9Qy5Q7jYb2Wwcey5Fpvg2KoAc/ZIhLSLOSBmRmygPsGwkVVt0fZa0qrtMz+m6tJTAHfZQ8FnmB4MG4LWy7/w==

path-key@^3.1.0:
  version "3.1.1"
  resolved "https://registry.npmjs.org/path-key/-/path-key-3.1.1.tgz"
  integrity sha512-ojmeN0qd+y0jszEtoY48r0Peq5dwMEkIlCOu6Q5f41lfkswXuKtYrhgoTpLnyIcHm24Uhqx+5Tqm2InSwLhE6Q==

path@^0.12.7:
  version "0.12.7"
  resolved "https://registry.npmjs.org/path/-/path-0.12.7.tgz"
  integrity sha512-aXXC6s+1w7otVF9UletFkFcDsJeO7lSZBPUQhtb5O0xJe8LtYhj/GxldoL09bBj9+ZmE2hNoHqQSFMN5fikh4Q==
  dependencies:
    process "^0.11.1"
    util "^0.10.3"

picocolors@^1.1.0:
  version "1.1.0"
  resolved "https://registry.npmjs.org/picocolors/-/picocolors-1.1.0.tgz"
  integrity sha512-TQ92mBOW0l3LeMeyLV6mzy/kWr8lkd/hp3mTg7wYK7zJhuBStmGMBG0BdeDZS/dZx1IukaX6Bk11zcln25o1Aw==

picomatch@^2.0.4, picomatch@^2.2.1:
  version "2.3.1"
  resolved "https://registry.npmjs.org/picomatch/-/picomatch-2.3.1.tgz"
  integrity sha512-JU3teHTNjmE2VCGFzuY8EXzCDVwEqB2a8fsIvwaStHhAWJEeVd1o1QD80CU6+ZdEXXSLbSsuLwJjkCBWqRQUVA==

pkg-dir@^4.1.0:
  version "4.2.0"
  resolved "https://registry.npmjs.org/pkg-dir/-/pkg-dir-4.2.0.tgz"
  integrity sha512-HRDzbaKjC+AOWVXxAU/x54COGeIv9eb+6CkDSQoNTt4XyWoIJvuPsXizxu/Fr23EiekbtZwmh1IcIG/l/a10GQ==
  dependencies:
    find-up "^4.0.0"

postcss@^8.1.10, postcss@^8.4.27:
  version "8.4.47"
  resolved "https://registry.npmjs.org/postcss/-/postcss-8.4.47.tgz"
  integrity sha512-56rxCq7G/XfB4EkXq9Egn5GCqugWvDFjafDOThIdMBsI15iqPqR5r15TfSr1YPYeEI19YeaXMCbY6u88Y76GLQ==
  dependencies:
    nanoid "^3.3.7"
    picocolors "^1.1.0"
    source-map-js "^1.2.1"

process@^0.11.1:
  version "0.11.10"
  resolved "https://registry.npmjs.org/process/-/process-0.11.10.tgz"
  integrity sha512-cdGef/drWFoydD1JsMzuFf8100nZl+GT+yacc2bEced5f9Rjk4z+WtFUTBu9PhOi9j/jfmBPu0mMEY4wIdAF8A==

readdirp@~3.6.0:
  version "3.6.0"
  resolved "https://registry.npmjs.org/readdirp/-/readdirp-3.6.0.tgz"
  integrity sha512-hOS089on8RduqdbhvQ5Z37A0ESjsqz6qnRcffsMU3495FuTdqSm+7bhJ29JvIOsBDEEnan5DPu9t3To9VRlMzA==
  dependencies:
    picomatch "^2.2.1"

roboto-fontface@0.10.0:
  version "0.10.0"
  resolved "https://registry.npmjs.org/roboto-fontface/-/roboto-fontface-0.10.0.tgz"
  integrity sha512-OlwfYEgA2RdboZohpldlvJ1xngOins5d7ejqnIBWr9KaMxsnBqotpptRXTyfNRLnFpqzX6sTDt+X+a+6udnU8g==

rollup@^3.27.1:
  version "3.29.5"
  resolved "https://registry.npmjs.org/rollup/-/rollup-3.29.5.tgz"
  integrity sha512-GVsDdsbJzzy4S/v3dqWPJ7EfvZJfCHiDqe80IyrF59LYuP+e6U1LJoUqeuqRbwAWoMNoXivMNeNAOf5E22VA1w==
  optionalDependencies:
    fsevents "~2.3.2"

sass@1.63.6:
  version "1.63.6"
  resolved "https://registry.npmjs.org/sass/-/sass-1.63.6.tgz"
  integrity sha512-MJuxGMHzaOW7ipp+1KdELtqKbfAWbH7OLIdoSMnVe3EXPMTmxTmlaZDCTsgIpPCs3w99lLo9/zDKkOrJuT5byw==
  dependencies:
    chokidar ">=3.0.0 <4.0.0"
    immutable "^4.0.0"
    source-map-js ">=0.6.2 <2.0.0"

semver@^6.0.0:
  version "6.3.1"
  resolved "https://registry.npmjs.org/semver/-/semver-6.3.1.tgz"
  integrity sha512-BR7VvDCVHO+q2xBEWskxS6DJE1qRnb7DxzUrogb71CWoSficBxYsiAGd+Kl0mmq/MprG9yArRkyrQxTO6XjMzA==

shebang-command@^2.0.0:
  version "2.0.0"
  resolved "https://registry.npmjs.org/shebang-command/-/shebang-command-2.0.0.tgz"
  integrity sha512-kHxr2zZpYtdmrN1qDjrrX/Z1rR1kG8Dx+gkpK1G4eXmvXswmcE1hTWBWYUzlraYw1/yZp6YuDY77YtvbN0dmDA==
  dependencies:
    shebang-regex "^3.0.0"

shebang-regex@^3.0.0:
  version "3.0.0"
  resolved "https://registry.npmjs.org/shebang-regex/-/shebang-regex-3.0.0.tgz"
  integrity sha512-7++dFhtcx3353uBaq8DDR4NuxBetBzC7ZQOhmTQInHEd6bSrXdiEyzCvG07Z44UYdLShWUyXt5M/yhz8ekcb1A==

"source-map-js@>=0.6.2 <2.0.0", source-map-js@^1.0.2, source-map-js@^1.2.1:
  version "1.2.1"
  resolved "https://registry.npmjs.org/source-map-js/-/source-map-js-1.2.1.tgz"
  integrity sha512-UXWMKhLOwVKb728IUtQPXxfYU+usdybtUrK/8uGE8CQMvrhOpwvzDBwj0QhSL7MQc7vIsISBG8VQ8+IDQxpfQA==

"tauri-plugin-log-api@https://github.com/tauri-apps/tauri-plugin-log.git":
  version "0.0.0"
  resolved "https://github.com/tauri-apps/tauri-plugin-log.git#f76f6c56a5f63e9192c5e05fafbd114b9c455ee6"
  dependencies:
    "@tauri-apps/api" "1.6.0"

to-fast-properties@^2.0.0:
  version "2.0.0"
  resolved "https://registry.npmjs.org/to-fast-properties/-/to-fast-properties-2.0.0.tgz"
  integrity sha512-/OaKK0xYrs3DmxRYqL/yDc+FxFUVYhDlXMhRmv3z915w2HF1tnN1omB354j8VUGO/hbRzyD6Y3sA7v7GS/ceog==

to-regex-range@^5.0.1:
  version "5.0.1"
  resolved "https://registry.npmjs.org/to-regex-range/-/to-regex-range-5.0.1.tgz"
  integrity sha512-65P7iz6X5yEr1cwcgvQxbbIw7Uk3gOy5dIdtZ4rDveLqhrdJP+Li/Hx6tyK0NEb+2GCyneCMJiGqrADCSNk8sQ==
  dependencies:
    is-number "^7.0.0"

unified-network@0.6.4:
  version "0.6.4"
  resolved "https://registry.npmjs.org/unified-network/-/unified-network-0.6.4.tgz"
  integrity sha512-anCKOaBBARYf27j1Jcpr4NPsuE+Ydi2J9BjO5cmAwkUZWuww0/4i3Fb4dPtffv5FGC8gZ7iXxBQEctF3DYTpIA==

upath@^2.0.1:
  version "2.0.1"
  resolved "https://registry.npmjs.org/upath/-/upath-2.0.1.tgz"
  integrity sha512-1uEe95xksV1O0CYKXo8vQvN1JEbtJp7lb7C5U9HMsIp6IVwntkH/oNUzyVNQSd4S1sYk2FpSSW44FqMc8qee5w==

util@^0.10.3:
  version "0.10.4"
  resolved "https://registry.npmjs.org/util/-/util-0.10.4.tgz"
  integrity sha512-0Pm9hTQ3se5ll1XihRic3FDIku70C+iHUdT/W926rSgHV5QgXsYbKZN8MSC3tJtSkhuROzvsQjAaFENRXr+19A==
  dependencies:
    inherits "2.0.3"

vite-plugin-vuetify@1.0.2:
  version "1.0.2"
  resolved "https://registry.npmjs.org/vite-plugin-vuetify/-/vite-plugin-vuetify-1.0.2.tgz"
  integrity sha512-MubIcKD33O8wtgQXlbEXE7ccTEpHZ8nPpe77y9Wy3my2MWw/PgehP9VqTp92BLqr0R1dSL970Lynvisx3UxBFw==
  dependencies:
    "@vuetify/loader-shared" "^1.7.1"
    debug "^4.3.3"
    upath "^2.0.1"

vite@^4.5.3:
  version "4.5.14"
  resolved "https://registry.npmjs.org/vite/-/vite-4.5.14.tgz"
  integrity sha512-+v57oAaoYNnO3hIu5Z/tJRZjq5aHM2zDve9YZ8HngVHbhk66RStobhb1sqPMIPEleV6cNKYK4eGrAbE9Ulbl2g==
  dependencies:
    esbuild "^0.18.10"
    postcss "^8.4.27"
    rollup "^3.27.1"
  optionalDependencies:
    fsevents "~2.3.2"

vue@3.3.4:
  version "3.3.4"
  resolved "https://registry.npmjs.org/vue/-/vue-3.3.4.tgz"
  integrity sha512-VTyEYn3yvIeY1Py0WaYGZsXnz3y5UnGi62GjVEqvEGPl6nxbOrCXbVOTQWBEJUqAyTUk2uJ5JLVnYJ6ZzGbrSw==
  dependencies:
    "@vue/compiler-dom" "3.3.4"
    "@vue/compiler-sfc" "3.3.4"
    "@vue/runtime-dom" "3.3.4"
    "@vue/server-renderer" "3.3.4"
    "@vue/shared" "3.3.4"

vuetify@3.3.7:
  version "3.3.7"
  resolved "https://registry.npmjs.org/vuetify/-/vuetify-3.3.7.tgz"
  integrity sha512-+Avd/vXdDZsct7PiXbOlgEKy8ZhxlaWZERv4MZ1x4tyJ5AoTm/jZW33u6TzlwhilqBgqKJFOe2UOH60LkKlukQ==

which@^2.0.1:
  version "2.0.2"
  resolved "https://registry.npmjs.org/which/-/which-2.0.2.tgz"
  integrity sha512-BLI3Tl1TW3Pvl70l3yq3Y64i+awpwXqsGBYWkkqMtnbXgrMD+yj7rhW0kuEDxzJaYXGjEW5ogapKNMEKNMjibA==
  dependencies:
    isexe "^2.0.0"

yarn@^1.22.22:
  version "1.22.22"
  resolved "https://registry.npmjs.org/yarn/-/yarn-1.22.22.tgz"
  integrity sha512-prL3kGtyG7o9Z9Sv8IPfBNrWTDmXB4Qbes8A9rEzt6wkJV8mUvoirjU0Mp3GGAU06Y0XQyA3/2/RQFVuK7MTfg==
